// !$*UTF8*$!
{
	archiveVersion = 1;
	classes = {
	};
	objectVersion = 77;
	objects = {

/* Begin PBXContainerItemProxy section */
		9649C16A2E1D278200C6C23E /* PBXContainerItemProxy */ = {
			isa = PBXContainerItemProxy;
			containerPortal = 9649C1542E1D277F00C6C23E /* Project object */;
			proxyType = 1;
			remoteGlobalIDString = 9649C15B2E1D277F00C6C23E;
			remoteInfo = ImageViewerSample;
		};
		9649C1742E1D278200C6C23E /* PBXContainerItemProxy */ = {
			isa = PBXContainerItemProxy;
			containerPortal = 9649C1542E1D277F00C6C23E /* Project object */;
			proxyType = 1;
			remoteGlobalIDString = 9649C15B2E1D277F00C6C23E;
			remoteInfo = ImageViewerSample;
		};
/* End PBXContainerItemProxy section */

/* Begin PBXFileReference section */
		9649C15C2E1D277F00C6C23E /* ImageViewerSample.app */ = {isa = PBXFileReference; explicitFileType = wrapper.application; includeInIndex = 0; path = ImageViewerSample.app; sourceTree = BUILT_PRODUCTS_DIR; };
		9649C1692E1D278200C6C23E /* ImageViewerSampleTests.xctest */ = {isa = PBXFileReference; explicitFileType = wrapper.cfbundle; includeInIndex = 0; path = ImageViewerSampleTests.xctest; sourceTree = BUILT_PRODUCTS_DIR; };
		9649C1732E1D278200C6C23E /* ImageViewerSampleUITests.xctest */ = {isa = PBXFileReference; explicitFileType = wrapper.cfbundle; includeInIndex = 0; path = ImageViewerSampleUITests.xctest; sourceTree = BUILT_PRODUCTS_DIR; };
/* End PBXFileReference section */

/* Begin PBXFileSystemSynchronizedRootGroup section */
		9649C15E2E1D277F00C6C23E /* ImageViewerSample */ = {
			isa = PBXFileSystemSynchronizedRootGroup;
			path = ImageViewerSample;
			sourceTree = "<group>";
		};
		9649C16C2E1D278200C6C23E /* ImageViewerSampleTests */ = {
			isa = PBXFileSystemSynchronizedRootGroup;
			path = ImageViewerSampleTests;
			sourceTree = "<group>";
		};
		9649C1762E1D278200C6C23E /* ImageViewerSampleUITests */ = {
			isa = PBXFileSystemSynchronizedRootGroup;
			path = ImageViewerSampleUITests;
			sourceTree = "<group>";
		};
/* End PBXFileSystemSynchronizedRootGroup section */

/* Begin PBXFrameworksBuildPhase section */
		9649C1592E1D277F00C6C23E /* Frameworks */ = {
			isa = PBXFrameworksBuildPhase;
			buildActionMask = 2147483647;
			files = (
			);
			runOnlyForDeploymentPostprocessing = 0;
		};
		9649C1662E1D278200C6C23E /* Frameworks */ = {
			isa = PBXFrameworksBuildPhase;
			buildActionMask = 2147483647;
			files = (
			);
			runOnlyForDeploymentPostprocessing = 0;
		};
		9649C1702E1D278200C6C23E /* Frameworks */ = {
			isa = PBXFrameworksBuildPhase;
			buildActionMask = 2147483647;
			files = (
			);
			runOnlyForDeploymentPostprocessing = 0;
		};
/* End PBXFrameworksBuildPhase section */

/* Begin PBXGroup section */
		9649C1532E1D277F00C6C23E = {
			isa = PBXGroup;
			children = (
				9649C15E2E1D277F00C6C23E /* ImageViewerSample */,
				9649C16C2E1D278200C6C23E /* ImageViewerSampleTests */,
				9649C1762E1D278200C6C23E /* ImageViewerSampleUITests */,
				9649C15D2E1D277F00C6C23E /* Products */,
			);
			sourceTree = "<group>";
		};
		9649C15D2E1D277F00C6C23E /* Products */ = {
			isa = PBXGroup;
			children = (
				9649C15C2E1D277F00C6C23E /* ImageViewerSample.app */,
				9649C1692E1D278200C6C23E /* ImageViewerSampleTests.xctest */,
				9649C1732E1D278200C6C23E /* ImageViewerSampleUITests.xctest */,
			);
			name = Products;
			sourceTree = "<group>";
		};
/* End PBXGroup section */

/* Begin PBXNativeTarget section */
		9649C15B2E1D277F00C6C23E /* ImageViewerSample */ = {
			isa = PBXNativeTarget;
			buildConfigurationList = 9649C17D2E1D278200C6C23E /* Build configuration list for PBXNativeTarget "ImageViewerSample" */;
			buildPhases = (
				9649C1582E1D277F00C6C23E /* Sources */,
				9649C1592E1D277F00C6C23E /* Frameworks */,
				9649C15A2E1D277F00C6C23E /* Resources */,
			);
			buildRules = (
			);
			dependencies = (
			);
			fileSystemSynchronizedGroups = (
				9649C15E2E1D277F00C6C23E /* ImageViewerSample */,
			);
			name = ImageViewerSample;
			packageProductDependencies = (
			);
			productName = ImageViewerSample;
			productReference = 9649C15C2E1D277F00C6C23E /* ImageViewerSample.app */;
			productType = "com.apple.product-type.application";
		};
		9649C1682E1D278200C6C23E /* ImageViewerSampleTests */ = {
			isa = PBXNativeTarget;
			buildConfigurationList = 9649C1802E1D278200C6C23E /* Build configuration list for PBXNativeTarget "ImageViewerSampleTests" */;
			buildPhases = (
				9649C1652E1D278200C6C23E /* Sources */,
				9649C1662E1D278200C6C23E /* Frameworks */,
				9649C1672E1D278200C6C23E /* Resources */,
			);
			buildRules = (
			);
			dependencies = (
				9649C16B2E1D278200C6C23E /* PBXTargetDependency */,
			);
			fileSystemSynchronizedGroups = (
				9649C16C2E1D278200C6C23E /* ImageViewerSampleTests */,
			);
			name = ImageViewerSampleTests;
			packageProductDependencies = (
			);
			productName = ImageViewerSampleTests;
			productReference = 9649C1692E1D278200C6C23E /* ImageViewerSampleTests.xctest */;
			productType = "com.apple.product-type.bundle.unit-test";
		};
		9649C1722E1D278200C6C23E /* ImageViewerSampleUITests */ = {
			isa = PBXNativeTarget;
			buildConfigurationList = 9649C1832E1D278200C6C23E /* Build configuration list for PBXNativeTarget "ImageViewerSampleUITests" */;
			buildPhases = (
				9649C16F2E1D278200C6C23E /* Sources */,
				9649C1702E1D278200C6C23E /* Frameworks */,
				9649C1712E1D278200C6C23E /* Resources */,
			);
			buildRules = (
			);
			dependencies = (
				9649C1752E1D278200C6C23E /* PBXTargetDependency */,
			);
			fileSystemSynchronizedGroups = (
				9649C1762E1D278200C6C23E /* ImageViewerSampleUITests */,
			);
			name = ImageViewerSampleUITests;
			packageProductDependencies = (
			);
			productName = ImageViewerSampleUITests;
			productReference = 9649C1732E1D278200C6C23E /* ImageViewerSampleUITests.xctest */;
			productType = "com.apple.product-type.bundle.ui-testing";
		};
/* End PBXNativeTarget section */

/* Begin PBXProject section */
		9649C1542E1D277F00C6C23E /* Project object */ = {
			isa = PBXProject;
			attributes = {
				BuildIndependentTargetsInParallel = 1;
				LastSwiftUpdateCheck = 1640;
				LastUpgradeCheck = 1640;
				TargetAttributes = {
					9649C15B2E1D277F00C6C23E = {
						CreatedOnToolsVersion = 16.4;
					};
					9649C1682E1D278200C6C23E = {
						CreatedOnToolsVersion = 16.4;
						TestTargetID = 9649C15B2E1D277F00C6C23E;
					};
					9649C1722E1D278200C6C23E = {
						CreatedOnToolsVersion = 16.4;
						TestTargetID = 9649C15B2E1D277F00C6C23E;
					};
				};
			};
			buildConfigurationList = 9649C1572E1D277F00C6C23E /* Build configuration list for PBXProject "ImageViewerSample" */;
			developmentRegion = en;
			hasScannedForEncodings = 0;
			knownRegions = (
				en,
				Base,
			);
			mainGroup = 9649C1532E1D277F00C6C23E;
			minimizedProjectReferenceProxies = 1;
			preferredProjectObjectVersion = 77;
			productRefGroup = 9649C15D2E1D277F00C6C23E /* Products */;
			projectDirPath = "";
			projectRoot = "";
			targets = (
				9649C15B2E1D277F00C6C23E /* ImageViewerSample */,
				9649C1682E1D278200C6C23E /* ImageViewerSampleTests */,
				9649C1722E1D278200C6C23E /* ImageViewerSampleUITests */,
			);
		};
/* End PBXProject section */

/* Begin PBXResourcesBuildPhase section */
		9649C15A2E1D277F00C6C23E /* Resources */ = {
			isa = PBXResourcesBuildPhase;
			buildActionMask = 2147483647;
			files = (
			);
			runOnlyForDeploymentPostprocessing = 0;
		};
		9649C1672E1D278200C6C23E /* Resources */ = {
			isa = PBXResourcesBuildPhase;
			buildActionMask = 2147483647;
			files = (
			);
			runOnlyForDeploymentPostprocessing = 0;
		};
		9649C1712E1D278200C6C23E /* Resources */ = {
			isa = PBXResourcesBuildPhase;
			buildActionMask = 2147483647;
			files = (
			);
			runOnlyForDeploymentPostprocessing = 0;
		};
/* End PBXResourcesBuildPhase section */

/* Begin PBXSourcesBuildPhase section */
		9649C1582E1D277F00C6C23E /* Sources */ = {
			isa = PBXSourcesBuildPhase;
			buildActionMask = 2147483647;
			files = (
			);
			runOnlyForDeploymentPostprocessing = 0;
		};
		9649C1652E1D278200C6C23E /* Sources */ = {
			isa = PBXSourcesBuildPhase;
			buildActionMask = 2147483647;
			files = (
			);
			runOnlyForDeploymentPostprocessing = 0;
		};
		9649C16F2E1D278200C6C23E /* Sources */ = {
			isa = PBXSourcesBuildPhase;
			buildActionMask = 2147483647;
			files = (
			);
			runOnlyForDeploymentPostprocessing = 0;
		};
/* End PBXSourcesBuildPhase section */

/* Begin PBXTargetDependency section */
		9649C16B2E1D278200C6C23E /* PBXTargetDependency */ = {
			isa = PBXTargetDependency;
			target = 9649C15B2E1D277F00C6C23E /* ImageViewerSample */;
			targetProxy = 9649C16A2E1D278200C6C23E /* PBXContainerItemProxy */;
		};
		9649C1752E1D278200C6C23E /* PBXTargetDependency */ = {
			isa = PBXTargetDependency;
			target = 9649C15B2E1D277F00C6C23E /* ImageViewerSample */;
			targetProxy = 9649C1742E1D278200C6C23E /* PBXContainerItemProxy */;
		};
/* End PBXTargetDependency section */

/* Begin XCBuildConfiguration section */
		9649C17B2E1D278200C6C23E /* Debug */ = {
			isa = XCBuildConfiguration;
			buildSettings = {
				ALWAYS_SEARCH_USER_PATHS = NO;
				ASSETCATALOG_COMPILER_GENERATE_SWIFT_ASSET_SYMBOL_EXTENSIONS = YES;
				CLANG_ANALYZER_NONNULL = YES;
				CLANG_ANALYZER_NUMBER_OBJECT_CONVERSION = YES_AGGRESSIVE;
				CLANG_CXX_LANGUAGE_STANDARD = "gnu++20";
				CLANG_ENABLE_MODULES = YES;
				CLANG_ENABLE_OBJC_ARC = YES;
				CLANG_ENABLE_OBJC_WEAK = YES;
				CLANG_WARN_BLOCK_CAPTURE_AUTORELEASING = YES;
				CLANG_WARN_BOOL_CONVERSION = YES;
				CLANG_WARN_COMMA = YES;
				CLANG_WARN_CONSTANT_CONVERSION = YES;
				CLANG_WARN_DEPRECATED_OBJC_IMPLEMENTATIONS = YES;
				CLANG_WARN_DIRECT_OBJC_ISA_USAGE = YES_ERROR;
				CLANG_WARN_DOCUMENTATION_COMMENTS = YES;
				CLANG_WARN_EMPTY_BODY = YES;
				CLANG_WARN_ENUM_CONVERSION = YES;
				CLANG_WARN_INFINITE_RECURSION = YES;
				CLANG_WARN_INT_CONVERSION = YES;
				CLANG_WARN_NON_LITERAL_NULL_CONVERSION = YES;
				CLANG_WARN_OBJC_IMPLICIT_RETAIN_SELF = YES;
				CLANG_WARN_OBJC_LITERAL_CONVERSION = YES;
				CLANG_WARN_OBJC_ROOT_CLASS = YES_ERROR;
				CLANG_WARN_QUOTED_INCLUDE_IN_FRAMEWORK_HEADER = YES;
				CLANG_WARN_RANGE_LOOP_ANALYSIS = YES;
				CLANG_WARN_STRICT_PROTOTYPES = YES;
				CLANG_WARN_SUSPICIOUS_MOVE = YES;
				CLANG_WARN_UNGUARDED_AVAILABILITY = YES_AGGRESSIVE;
				CLANG_WARN_UNREACHABLE_CODE = YES;
				CLANG_WARN__DUPLICATE_METHOD_MATCH = YES;
				COPY_PHASE_STRIP = NO;
				DEBUG_INFORMATION_FORMAT = dwarf;
				DEVELOPMENT_TEAM = VQ9LP83KJC;
				ENABLE_STRICT_OBJC_MSGSEND = YES;
				ENABLE_TESTABILITY = YES;
				ENABLE_USER_SCRIPT_SANDBOXING = YES;
				GCC_C_LANGUAGE_STANDARD = gnu17;
				GCC_DYNAMIC_NO_PIC = NO;
				GCC_NO_COMMON_BLOCKS = YES;
				GCC_OPTIMIZATION_LEVEL = 0;
				GCC_PREPROCESSOR_DEFINITIONS = (
					"DEBUG=1",
					"$(inherited)",
				);
				GCC_WARN_64_TO_32_BIT_CONVERSION = YES;
				GCC_WARN_ABOUT_RETURN_TYPE = YES_ERROR;
				GCC_WARN_UNDECLARED_SELECTOR = YES;
				GCC_WARN_UNINITIALIZED_AUTOS = YES_AGGRESSIVE;
				GCC_WARN_UNUSED_FUNCTION = YES;
				GCC_WARN_UNUSED_VARIABLE = YES;
				IPHONEOS_DEPLOYMENT_TARGET = 18.5;
				LOCALIZATION_PREFERS_STRING_CATALOGS = YES;
				MTL_ENABLE_DEBUG_INFO = INCLUDE_SOURCE;
				MTL_FAST_MATH = YES;
				ONLY_ACTIVE_ARCH = YES;
				SDKROOT = iphoneos;
				SWIFT_ACTIVE_COMPILATION_CONDITIONS = "DEBUG $(inherited)";
				SWIFT_OPTIMIZATION_LEVEL = "-Onone";
			};
			name = Debug;
		};
		9649C17C2E1D278200C6C23E /* Release */ = {
			isa = XCBuildConfiguration;
			buildSettings = {
				ALWAYS_SEARCH_USER_PATHS = NO;
				ASSETCATALOG_COMPILER_GENERATE_SWIFT_ASSET_SYMBOL_EXTENSIONS = YES;
				CLANG_ANALYZER_NONNULL = YES;
				CLANG_ANALYZER_NUMBER_OBJECT_CONVERSION = YES_AGGRESSIVE;
				CLANG_CXX_LANGUAGE_STANDARD = "gnu++20";
				CLANG_ENABLE_MODULES = YES;
				CLANG_ENABLE_OBJC_ARC = YES;
				CLANG_ENABLE_OBJC_WEAK = YES;
				CLANG_WARN_BLOCK_CAPTURE_AUTORELEASING = YES;
				CLANG_WARN_BOOL_CONVERSION = YES;
				CLANG_WARN_COMMA = YES;
				CLANG_WARN_CONSTANT_CONVERSION = YES;
				CLANG_WARN_DEPRECATED_OBJC_IMPLEMENTATIONS = YES;
				CLANG_WARN_DIRECT_OBJC_ISA_USAGE = YES_ERROR;
				CLANG_WARN_DOCUMENTATION_COMMENTS = YES;
				CLANG_WARN_EMPTY_BODY = YES;
				CLANG_WARN_ENUM_CONVERSION = YES;
				CLANG_WARN_INFINITE_RECURSION = YES;
				CLANG_WARN_INT_CONVERSION = YES;
				CLANG_WARN_NON_LITERAL_NULL_CONVERSION = YES;
				CLANG_WARN_OBJC_IMPLICIT_RETAIN_SELF = YES;
				CLANG_WARN_OBJC_LITERAL_CONVERSION = YES;
				CLANG_WARN_OBJC_ROOT_CLASS = YES_ERROR;
				CLANG_WARN_QUOTED_INCLUDE_IN_FRAMEWORK_HEADER = YES;
				CLANG_WARN_RANGE_LOOP_ANALYSIS = YES;
				CLANG_WARN_STRICT_PROTOTYPES = YES;
				CLANG_WARN_SUSPICIOUS_MOVE = YES;
				CLANG_WARN_UNGUARDED_AVAILABILITY = YES_AGGRESSIVE;
				CLANG_WARN_UNREACHABLE_CODE = YES;
				CLANG_WARN__DUPLICATE_METHOD_MATCH = YES;
				COPY_PHASE_STRIP = NO;
				DEBUG_INFORMATION_FORMAT = "dwarf-with-dsym";
				DEVELOPMENT_TEAM = VQ9LP83KJC;
				ENABLE_NS_ASSERTIONS = NO;
				ENABLE_STRICT_OBJC_MSGSEND = YES;
				ENABLE_USER_SCRIPT_SANDBOXING = YES;
				GCC_C_LANGUAGE_STANDARD = gnu17;
				GCC_NO_COMMON_BLOCKS = YES;
				GCC_WARN_64_TO_32_BIT_CONVERSION = YES;
				GCC_WARN_ABOUT_RETURN_TYPE = YES_ERROR;
				GCC_WARN_UNDECLARED_SELECTOR = YES;
				GCC_WARN_UNINITIALIZED_AUTOS = YES_AGGRESSIVE;
				GCC_WARN_UNUSED_FUNCTION = YES;
				GCC_WARN_UNUSED_VARIABLE = YES;
				IPHONEOS_DEPLOYMENT_TARGET = 18.5;
				LOCALIZATION_PREFERS_STRING_CATALOGS = YES;
				MTL_ENABLE_DEBUG_INFO = NO;
				MTL_FAST_MATH = YES;
				SDKROOT = iphoneos;
				SWIFT_COMPILATION_MODE = wholemodule;
				VALIDATE_PRODUCT = YES;
			};
			name = Release;
		};
		9649C17E2E1D278200C6C23E /* Debug */ = {
			isa = XCBuildConfiguration;
			buildSettings = {
				ASSETCATALOG_COMPILER_APPICON_NAME = AppIcon;
				ASSETCATALOG_COMPILER_GLOBAL_ACCENT_COLOR_NAME = AccentColor;
				CODE_SIGN_STYLE = Automatic;
				CURRENT_PROJECT_VERSION = 1;
				DEVELOPMENT_TEAM = VQ9LP83KJC;
				ENABLE_PREVIEWS = YES;
				GENERATE_INFOPLIST_FILE = YES;
				INFOPLIST_KEY_UIApplicationSceneManifest_Generation = YES;
				INFOPLIST_KEY_UIApplicationSupportsIndirectInputEvents = YES;
				INFOPLIST_KEY_UILaunchScreen_Generation = YES;
				INFOPLIST_KEY_UISupportedInterfaceOrientations_iPad = "UIInterfaceOrientationPortrait UIInterfaceOrientationPortraitUpsideDown UIInterfaceOrientationLandscapeLeft UIInterfaceOrientationLandscapeRight";
				INFOPLIST_KEY_UISupportedInterfaceOrientations_iPhone = "UIInterfaceOrientationPortrait UIInterfaceOrientationLandscapeLeft UIInterfaceOrientationLandscapeRight";
				IPHONEOS_DEPLOYMENT_TARGET = 17.0;
				LD_RUNPATH_SEARCH_PATHS = (
					"$(inherited)",
					"@executable_path/Frameworks",
				);
				MARKETING_VERSION = 1.0;
				PRODUCT_BUNDLE_IDENTIFIER = com.wisteriapp.ImageViewerSample;
				PRODUCT_NAME = "$(TARGET_NAME)";
				SWIFT_EMIT_LOC_STRINGS = YES;
				SWIFT_VERSION = 5.0;
				TARGETED_DEVICE_FAMILY = "1,2";
			};
			name = Debug;
		};
		9649C17F2E1D278200C6C23E /* Release */ = {
			isa = XCBuildConfiguration;
			buildSettings = {
				ASSETCATALOG_COMPILER_APPICON_NAME = AppIcon;
				ASSETCATALOG_COMPILER_GLOBAL_ACCENT_COLOR_NAME = AccentColor;
				CODE_SIGN_STYLE = Automatic;
				CURRENT_PROJECT_VERSION = 1;
				DEVELOPMENT_TEAM = VQ9LP83KJC;
				ENABLE_PREVIEWS = YES;
				GENERATE_INFOPLIST_FILE = YES;
				INFOPLIST_KEY_UIApplicationSceneManifest_Generation = YES;
				INFOPLIST_KEY_UIApplicationSupportsIndirectInputEvents = YES;
				INFOPLIST_KEY_UILaunchScreen_Generation = YES;
				INFOPLIST_KEY_UISupportedInterfaceOrientations_iPad = "UIInterfaceOrientationPortrait UIInterfaceOrientationPortraitUpsideDown UIInterfaceOrientationLandscapeLeft UIInterfaceOrientationLandscapeRight";
				INFOPLIST_KEY_UISupportedInterfaceOrientations_iPhone = "UIInterfaceOrientationPortrait UIInterfaceOrientationLandscapeLeft UIInterfaceOrientationLandscapeRight";
				IPHONEOS_DEPLOYMENT_TARGET = 17.0;
				LD_RUNPATH_SEARCH_PATHS = (
					"$(inherited)",
					"@executable_path/Frameworks",
				);
				MARKETING_VERSION = 1.0;
				PRODUCT_BUNDLE_IDENTIFIER = com.wisteriapp.ImageViewerSample;
				PRODUCT_NAME = "$(TARGET_NAME)";
				SWIFT_EMIT_LOC_STRINGS = YES;
				SWIFT_VERSION = 5.0;
				TARGETED_DEVICE_FAMILY = "1,2";
			};
			name = Release;
		};
		9649C1812E1D278200C6C23E /* Debug */ = {
			isa = XCBuildConfiguration;
			buildSettings = {
				BUNDLE_LOADER = "$(TEST_HOST)";
				CODE_SIGN_STYLE = Automatic;
				CURRENT_PROJECT_VERSION = 1;
				DEVELOPMENT_TEAM = VQ9LP83KJC;
				GENERATE_INFOPLIST_FILE = YES;
				IPHONEOS_DEPLOYMENT_TARGET = 18.5;
				MARKETING_VERSION = 1.0;
				PRODUCT_BUNDLE_IDENTIFIER = com.wisteriapp.ImageViewerSampleTests;
				PRODUCT_NAME = "$(TARGET_NAME)";
				SWIFT_EMIT_LOC_STRINGS = NO;
				SWIFT_VERSION = 5.0;
				TARGETED_DEVICE_FAMILY = "1,2";
				TEST_HOST = "$(BUILT_PRODUCTS_DIR)/ImageViewerSample.app/$(BUNDLE_EXECUTABLE_FOLDER_PATH)/ImageViewerSample";
			};
			name = Debug;
		};
		9649C1822E1D278200C6C23E /* Release */ = {
			isa = XCBuildConfiguration;
			buildSettings = {
				BUNDLE_LOADER = "$(TEST_HOST)";
				CODE_SIGN_STYLE = Automatic;
				CURRENT_PROJECT_VERSION = 1;
				DEVELOPMENT_TEAM = VQ9LP83KJC;
				GENERATE_INFOPLIST_FILE = YES;
				IPHONEOS_DEPLOYMENT_TARGET = 18.5;
				MARKETING_VERSION = 1.0;
				PRODUCT_BUNDLE_IDENTIFIER = com.wisteriapp.ImageViewerSampleTests;
				PRODUCT_NAME = "$(TARGET_NAME)";
				SWIFT_EMIT_LOC_STRINGS = NO;
				SWIFT_VERSION = 5.0;
				TARGETED_DEVICE_FAMILY = "1,2";
				TEST_HOST = "$(BUILT_PRODUCTS_DIR)/ImageViewerSample.app/$(BUNDLE_EXECUTABLE_FOLDER_PATH)/ImageViewerSample";
			};
			name = Release;
		};
		9649C1842E1D278200C6C23E /* Debug */ = {
			isa = XCBuildConfiguration;
			buildSettings = {
				CODE_SIGN_STYLE = Automatic;
				CURRENT_PROJECT_VERSION = 1;
				DEVELOPMENT_TEAM = VQ9LP83KJC;
				GENERATE_INFOPLIST_FILE = YES;
				MARKETING_VERSION = 1.0;
				PRODUCT_BUNDLE_IDENTIFIER = com.wisteriapp.ImageViewerSampleUITests;
				PRODUCT_NAME = "$(TARGET_NAME)";
				SWIFT_EMIT_LOC_STRINGS = NO;
				SWIFT_VERSION = 5.0;
				TARGETED_DEVICE_FAMILY = "1,2";
				TEST_TARGET_NAME = ImageViewerSample;
			};
			name = Debug;
		};
		9649C1852E1D278200C6C23E /* Release */ = {
			isa = XCBuildConfiguration;
			buildSettings = {
				CODE_SIGN_STYLE = Automatic;
				CURRENT_PROJECT_VERSION = 1;
				DEVELOPMENT_TEAM = VQ9LP83KJC;
				GENERATE_INFOPLIST_FILE = YES;
				MARKETING_VERSION = 1.0;
				PRODUCT_BUNDLE_IDENTIFIER = com.wisteriapp.ImageViewerSampleUITests;
				PRODUCT_NAME = "$(TARGET_NAME)";
				SWIFT_EMIT_LOC_STRINGS = NO;
				SWIFT_VERSION = 5.0;
				TARGETED_DEVICE_FAMILY = "1,2";
				TEST_TARGET_NAME = ImageViewerSample;
			};
			name = Release;
		};
/* End XCBuildConfiguration section */

/* Begin XCConfigurationList section */
		9649C1572E1D277F00C6C23E /* Build configuration list for PBXProject "ImageViewerSample" */ = {
			isa = XCConfigurationList;
			buildConfigurations = (
				9649C17B2E1D278200C6C23E /* Debug */,
				9649C17C2E1D278200C6C23E /* Release */,
			);
			defaultConfigurationIsVisible = 0;
			defaultConfigurationName = Release;
		};
		9649C17D2E1D278200C6C23E /* Build configuration list for PBXNativeTarget "ImageViewerSample" */ = {
			isa = XCConfigurationList;
			buildConfigurations = (
				9649C17E2E1D278200C6C23E /* Debug */,
				9649C17F2E1D278200C6C23E /* Release */,
			);
			defaultConfigurationIsVisible = 0;
			defaultConfigurationName = Release;
		};
		9649C1802E1D278200C6C23E /* Build configuration list for PBXNativeTarget "ImageViewerSampleTests" */ = {
			isa = XCConfigurationList;
			buildConfigurations = (
				9649C1812E1D278200C6C23E /* Debug */,
				9649C1822E1D278200C6C23E /* Release */,
			);
			defaultConfigurationIsVisible = 0;
			defaultConfigurationName = Release;
		};
		9649C1832E1D278200C6C23E /* Build configuration list for PBXNativeTarget "ImageViewerSampleUITests" */ = {
			isa = XCConfigurationList;
			buildConfigurations = (
				9649C1842E1D278200C6C23E /* Debug */,
				9649C1852E1D278200C6C23E /* Release */,
			);
			defaultConfigurationIsVisible = 0;
			defaultConfigurationName = Release;
		};
/* End XCConfigurationList section */
	};
	rootObject = 9649C1542E1D277F00C6C23E /* Project object */;
}
